// !$*UTF8*$!
{
	archiveVersion = 1;
	classes = {
	};
	objectVersion = 46;
	objects = {

/* Begin PBXBuildFile section */
		B2C462991AE64E91008EAF43 /* main.m in Sources */ = {isa = PBXBuildFile; fileRef = B2C462981AE64E91008EAF43 /* main.m */; };
		B2C4629C1AE64E91008EAF43 /* AppDelegate.m in Sources */ = {isa = PBXBuildFile; fileRef = B2C4629B1AE64E91008EAF43 /* AppDelegate.m */; };
		B2C4629F1AE64E91008EAF43 /* ViewController.m in Sources */ = {isa = PBXBuildFile; fileRef = B2C4629E1AE64E91008EAF43 /* ViewController.m */; };
		B2C462A21AE64E91008EAF43 /* Main.storyboard in Resources */ = {isa = PBXBuildFile; fileRef = B2C462A01AE64E91008EAF43 /* Main.storyboard */; };
		B2C462A41AE64E91008EAF43 /* Images.xcassets in Resources */ = {isa = PBXBuildFile; fileRef = B2C462A31AE64E91008EAF43 /* Images.xcassets */; };
		B2C462A71AE64E91008EAF43 /* LaunchScreen.xib in Resources */ = {isa = PBXBuildFile; fileRef = B2C462A51AE64E91008EAF43 /* LaunchScreen.xib */; };
		B2C462B31AE64E91008EAF43 /* SoldierShimmeringTests.m in Sources */ = {isa = PBXBuildFile; fileRef = B2C462B21AE64E91008EAF43 /* SoldierShimmeringTests.m */; };
		B2C462C21AE64EF7008EAF43 /* FBShimmeringLayer.m in Sources */ = {isa = PBXBuildFile; fileRef = B2C462BF1AE64EF7008EAF43 /* FBShimmeringLayer.m */; };
		B2C462C31AE64EF7008EAF43 /* FBShimmeringView.m in Sources */ = {isa = PBXBuildFile; fileRef = B2C462C11AE64EF7008EAF43 /* FBShimmeringView.m */; };
		B2C462CC1AE77FD4008EAF43 /* SJShimmeringText.m in Sources */ = {isa = PBXBuildFile; fileRef = B2C462CB1AE77FD4008EAF43 /* SJShimmeringText.m */; };
/* End PBXBuildFile section */

/* Begin PBXContainerItemProxy section */
		B2C462AD1AE64E91008EAF43 /* PBXContainerItemProxy */ = {
			isa = PBXContainerItemProxy;
			containerPortal = B2C4628B1AE64E91008EAF43 /* Project object */;
			proxyType = 1;
			remoteGlobalIDString = B2C462921AE64E91008EAF43;
			remoteInfo = SoldierShimmering;
		};
/* End PBXContainerItemProxy section */

/* Begin PBXFileReference section */
		B2C462931AE64E91008EAF43 /* SoldierShimmering.app */ = {isa = PBXFileReference; explicitFileType = wrapper.application; includeInIndex = 0; path = SoldierShimmering.app; sourceTree = BUILT_PRODUCTS_DIR; };
		B2C462971AE64E91008EAF43 /* Info.plist */ = {isa = PBXFileReference; lastKnownFileType = text.plist.xml; path = Info.plist; sourceTree = "<group>"; };
		B2C462981AE64E91008EAF43 /* main.m */ = {isa = PBXFileReference; lastKnownFileType = sourcecode.c.objc; path = main.m; sourceTree = "<group>"; };
		B2C4629A1AE64E91008EAF43 /* AppDelegate.h */ = {isa = PBXFileReference; lastKnownFileType = sourcecode.c.h; path = AppDelegate.h; sourceTree = "<group>"; };
		B2C4629B1AE64E91008EAF43 /* AppDelegate.m */ = {isa = PBXFileReference; lastKnownFileType = sourcecode.c.objc; path = AppDelegate.m; sourceTree = "<group>"; };
		B2C4629D1AE64E91008EAF43 /* ViewController.h */ = {isa = PBXFileReference; lastKnownFileType = sourcecode.c.h; path = ViewController.h; sourceTree = "<group>"; };
		B2C4629E1AE64E91008EAF43 /* ViewController.m */ = {isa = PBXFileReference; lastKnownFileType = sourcecode.c.objc; path = ViewController.m; sourceTree = "<group>"; };
		B2C462A11AE64E91008EAF43 /* Base */ = {isa = PBXFileReference; lastKnownFileType = file.storyboard; name = Base; path = Base.lproj/Main.storyboard; sourceTree = "<group>"; };
		B2C462A31AE64E91008EAF43 /* Images.xcassets */ = {isa = PBXFileReference; lastKnownFileType = folder.assetcatalog; path = Images.xcassets; sourceTree = "<group>"; };
		B2C462A61AE64E91008EAF43 /* Base */ = {isa = PBXFileReference; lastKnownFileType = file.xib; name = Base; path = Base.lproj/LaunchScreen.xib; sourceTree = "<group>"; };
		B2C462AC1AE64E91008EAF43 /* SoldierShimmeringTests.xctest */ = {isa = PBXFileReference; explicitFileType = wrapper.cfbundle; includeInIndex = 0; path = SoldierShimmeringTests.xctest; sourceTree = BUILT_PRODUCTS_DIR; };
		B2C462B11AE64E91008EAF43 /* Info.plist */ = {isa = PBXFileReference; lastKnownFileType = text.plist.xml; path = Info.plist; sourceTree = "<group>"; };
		B2C462B21AE64E91008EAF43 /* SoldierShimmeringTests.m */ = {isa = PBXFileReference; lastKnownFileType = sourcecode.c.objc; path = SoldierShimmeringTests.m; sourceTree = "<group>"; };
		B2C462BD1AE64EF7008EAF43 /* FBShimmering.h */ = {isa = PBXFileReference; fileEncoding = 4; lastKnownFileType = sourcecode.c.h; path = FBShimmering.h; sourceTree = "<group>"; };
		B2C462BE1AE64EF7008EAF43 /* FBShimmeringLayer.h */ = {isa = PBXFileReference; fileEncoding = 4; lastKnownFileType = sourcecode.c.h; path = FBShimmeringLayer.h; sourceTree = "<group>"; };
		B2C462BF1AE64EF7008EAF43 /* FBShimmeringLayer.m */ = {isa = PBXFileReference; fileEncoding = 4; lastKnownFileType = sourcecode.c.objc; path = FBShimmeringLayer.m; sourceTree = "<group>"; };
		B2C462C01AE64EF7008EAF43 /* FBShimmeringView.h */ = {isa = PBXFileReference; fileEncoding = 4; lastKnownFileType = sourcecode.c.h; path = FBShimmeringView.h; sourceTree = "<group>"; };
		B2C462C11AE64EF7008EAF43 /* FBShimmeringView.m */ = {isa = PBXFileReference; fileEncoding = 4; lastKnownFileType = sourcecode.c.objc; path = FBShimmeringView.m; sourceTree = "<group>"; };
		B2C462CA1AE77FD4008EAF43 /* SJShimmeringText.h */ = {isa = PBXFileReference; fileEncoding = 4; lastKnownFileType = sourcecode.c.h; name = SJShimmeringText.h; path = SoldierShimmering/SJShimmeringText.h; sourceTree = SOURCE_ROOT; };
		B2C462CB1AE77FD4008EAF43 /* SJShimmeringText.m */ = {isa = PBXFileReference; fileEncoding = 4; lastKnownFileType = sourcecode.c.objc; name = SJShimmeringText.m; path = SoldierShimmering/SJShimmeringText.m; sourceTree = SOURCE_ROOT; };
/* End PBXFileReference section */

/* Begin PBXFrameworksBuildPhase section */
		B2C462901AE64E91008EAF43 /* Frameworks */ = {
			isa = PBXFrameworksBuildPhase;
			buildActionMask = 2147483647;
			files = (
			);
			runOnlyForDeploymentPostprocessing = 0;
		};
		B2C462A91AE64E91008EAF43 /* Frameworks */ = {
			isa = PBXFrameworksBuildPhase;
			buildActionMask = 2147483647;
			files = (
			);
			runOnlyForDeploymentPostprocessing = 0;
		};
/* End PBXFrameworksBuildPhase section */

/* Begin PBXGroup section */
		B2C4628A1AE64E91008EAF43 = {
			isa = PBXGroup;
			children = (
				B2C462951AE64E91008EAF43 /* SoldierShimmering */,
				B2C462AF1AE64E91008EAF43 /* SoldierShimmeringTests */,
				B2C462941AE64E91008EAF43 /* Products */,
			);
			sourceTree = "<group>";
		};
		B2C462941AE64E91008EAF43 /* Products */ = {
			isa = PBXGroup;
			children = (
				B2C462931AE64E91008EAF43 /* SoldierShimmering.app */,
				B2C462AC1AE64E91008EAF43 /* SoldierShimmeringTests.xctest */,
			);
			name = Products;
			sourceTree = "<group>";
		};
		B2C462951AE64E91008EAF43 /* SoldierShimmering */ = {
			isa = PBXGroup;
			children = (
				B2C462BC1AE64EF7008EAF43 /* FBShimmering */,
				B2C4629A1AE64E91008EAF43 /* AppDelegate.h */,
				B2C4629B1AE64E91008EAF43 /* AppDelegate.m */,
				B2C4629D1AE64E91008EAF43 /* ViewController.h */,
				B2C4629E1AE64E91008EAF43 /* ViewController.m */,
				B2C462A01AE64E91008EAF43 /* Main.storyboard */,
				B2C462CA1AE77FD4008EAF43 /* SJShimmeringText.h */,
				B2C462CB1AE77FD4008EAF43 /* SJShimmeringText.m */,
				B2C462A31AE64E91008EAF43 /* Images.xcassets */,
				B2C462A51AE64E91008EAF43 /* LaunchScreen.xib */,
				B2C462961AE64E91008EAF43 /* Supporting Files */,
			);
			path = SoldierShimmering;
			sourceTree = "<group>";
		};
		B2C462961AE64E91008EAF43 /* Supporting Files */ = {
			isa = PBXGroup;
			children = (
				B2C462971AE64E91008EAF43 /* Info.plist */,
				B2C462981AE64E91008EAF43 /* main.m */,
			);
			name = "Supporting Files";
			sourceTree = "<group>";
		};
		B2C462AF1AE64E91008EAF43 /* SoldierShimmeringTests */ = {
			isa = PBXGroup;
			children = (
				B2C462B21AE64E91008EAF43 /* SoldierShimmeringTests.m */,
				B2C462B01AE64E91008EAF43 /* Supporting Files */,
			);
			path = SoldierShimmeringTests;
			sourceTree = "<group>";
		};
		B2C462B01AE64E91008EAF43 /* Supporting Files */ = {
			isa = PBXGroup;
			children = (
				B2C462B11AE64E91008EAF43 /* Info.plist */,
			);
			name = "Supporting Files";
			sourceTree = "<group>";
		};
		B2C462BC1AE64EF7008EAF43 /* FBShimmering */ = {
			isa = PBXGroup;
			children = (
				B2C462BD1AE64EF7008EAF43 /* FBShimmering.h */,
				B2C462BE1AE64EF7008EAF43 /* FBShimmeringLayer.h */,
				B2C462BF1AE64EF7008EAF43 /* FBShimmeringLayer.m */,
				B2C462C01AE64EF7008EAF43 /* FBShimmeringView.h */,
				B2C462C11AE64EF7008EAF43 /* FBShimmeringView.m */,
			);
			path = FBShimmering;
			sourceTree = "<group>";
		};
/* End PBXGroup section */

/* Begin PBXNativeTarget section */
		B2C462921AE64E91008EAF43 /* SoldierShimmering */ = {
			isa = PBXNativeTarget;
			buildConfigurationList = B2C462B61AE64E91008EAF43 /* Build configuration list for PBXNativeTarget "SoldierShimmering" */;
			buildPhases = (
				B2C4628F1AE64E91008EAF43 /* Sources */,
				B2C462901AE64E91008EAF43 /* Frameworks */,
				B2C462911AE64E91008EAF43 /* Resources */,
			);
			buildRules = (
			);
			dependencies = (
			);
			name = SoldierShimmering;
			productName = SoldierShimmering;
			productReference = B2C462931AE64E91008EAF43 /* SoldierShimmering.app */;
			productType = "com.apple.product-type.application";
		};
		B2C462AB1AE64E91008EAF43 /* SoldierShimmeringTests */ = {
			isa = PBXNativeTarget;
			buildConfigurationList = B2C462B91AE64E91008EAF43 /* Build configuration list for PBXNativeTarget "SoldierShimmeringTests" */;
			buildPhases = (
				B2C462A81AE64E91008EAF43 /* Sources */,
				B2C462A91AE64E91008EAF43 /* Frameworks */,
				B2C462AA1AE64E91008EAF43 /* Resources */,
			);
			buildRules = (
			);
			dependencies = (
				B2C462AE1AE64E91008EAF43 /* PBXTargetDependency */,
			);
			name = SoldierShimmeringTests;
			productName = SoldierShimmeringTests;
			productReference = B2C462AC1AE64E91008EAF43 /* SoldierShimmeringTests.xctest */;
			productType = "com.apple.product-type.bundle.unit-test";
		};
/* End PBXNativeTarget section */

/* Begin PBXProject section */
		B2C4628B1AE64E91008EAF43 /* Project object */ = {
			isa = PBXProject;
			attributes = {
				LastUpgradeCheck = 0610;
				ORGANIZATIONNAME = Soldier;
				TargetAttributes = {
					B2C462921AE64E91008EAF43 = {
						CreatedOnToolsVersion = 6.1.1;
					};
					B2C462AB1AE64E91008EAF43 = {
						CreatedOnToolsVersion = 6.1.1;
						TestTargetID = B2C462921AE64E91008EAF43;
					};
				};
			};
			buildConfigurationList = B2C4628E1AE64E91008EAF43 /* Build configuration list for PBXProject "SoldierShimmering" */;
			compatibilityVersion = "Xcode 3.2";
			developmentRegion = English;
			hasScannedForEncodings = 0;
			knownRegions = (
				en,
				Base,
			);
			mainGroup = B2C4628A1AE64E91008EAF43;
			productRefGroup = B2C462941AE64E91008EAF43 /* Products */;
			projectDirPath = "";
			projectRoot = "";
			targets = (
				B2C462921AE64E91008EAF43 /* SoldierShimmering */,
				B2C462AB1AE64E91008EAF43 /* SoldierShimmeringTests */,
			);
		};
/* End PBXProject section */

/* Begin PBXResourcesBuildPhase section */
		B2C462911AE64E91008EAF43 /* Resources */ = {
			isa = PBXResourcesBuildPhase;
			buildActionMask = 2147483647;
			files = (
				B2C462A21AE64E91008EAF43 /* Main.storyboard in Resources */,
				B2C462A71AE64E91008EAF43 /* LaunchScreen.xib in Resources */,
				B2C462A41AE64E91008EAF43 /* Images.xcassets in Resources */,
			);
			runOnlyForDeploymentPostprocessing = 0;
		};
		B2C462AA1AE64E91008EAF43 /* Resources */ = {
			isa = PBXResourcesBuildPhase;
			buildActionMask = 2147483647;
			files = (
			);
			runOnlyForDeploymentPostprocessing = 0;
		};
/* End PBXResourcesBuildPhase section */

/* Begin PBXSourcesBuildPhase section */
		B2C4628F1AE64E91008EAF43 /* Sources */ = {
			isa = PBXSourcesBuildPhase;
			buildActionMask = 2147483647;
			files = (
				B2C462CC1AE77FD4008EAF43 /* SJShimmeringText.m in Sources */,
				B2C4629F1AE64E91008EAF43 /* ViewController.m in Sources */,
				B2C4629C1AE64E91008EAF43 /* AppDelegate.m in Sources */,
				B2C462C21AE64EF7008EAF43 /* FBShimmeringLayer.m in Sources */,
				B2C462C31AE64EF7008EAF43 /* FBShimmeringView.m in Sources */,
				B2C462991AE64E91008EAF43 /* main.m in Sources */,
			);
			runOnlyForDeploymentPostprocessing = 0;
		};
		B2C462A81AE64E91008EAF43 /* Sources */ = {
			isa = PBXSourcesBuildPhase;
			buildActionMask = 2147483647;
			files = (
				B2C462B31AE64E91008EAF43 /* SoldierShimmeringTests.m in Sources */,
			);
			runOnlyForDeploymentPostprocessing = 0;
		};
/* End PBXSourcesBuildPhase section */

/* Begin PBXTargetDependency section */
		B2C462AE1AE64E91008EAF43 /* PBXTargetDependency */ = {
			isa = PBXTargetDependency;
			target = B2C462921AE64E91008EAF43 /* SoldierShimmering */;
			targetProxy = B2C462AD1AE64E91008EAF43 /* PBXContainerItemProxy */;
		};
/* End PBXTargetDependency section */

/* Begin PBXVariantGroup section */
		B2C462A01AE64E91008EAF43 /* Main.storyboard */ = {
			isa = PBXVariantGroup;
			children = (
				B2C462A11AE64E91008EAF43 /* Base */,
			);
			name = Main.storyboard;
			sourceTree = "<group>";
		};
		B2C462A51AE64E91008EAF43 /* LaunchScreen.xib */ = {
			isa = PBXVariantGroup;
			children = (
				B2C462A61AE64E91008EAF43 /* Base */,
			);
			name = LaunchScreen.xib;
			sourceTree = "<group>";
		};
/* End PBXVariantGroup section */

/* Begin XCBuildConfiguration section */
		B2C462B41AE64E91008EAF43 /* Debug */ = {
			isa = XCBuildConfiguration;
			buildSettings = {
				ALWAYS_SEARCH_USER_PATHS = NO;
				CLANG_CXX_LANGUAGE_STANDARD = "gnu++0x";
				CLANG_CXX_LIBRARY = "libc++";
				CLANG_ENABLE_MODULES = YES;
				CLANG_ENABLE_OBJC_ARC = YES;
				CLANG_WARN_BOOL_CONVERSION = YES;
				CLANG_WARN_CONSTANT_CONVERSION = YES;
				CLANG_WARN_DIRECT_OBJC_ISA_USAGE = YES_ERROR;
				CLANG_WARN_EMPTY_BODY = YES;
				CLANG_WARN_ENUM_CONVERSION = YES;
				CLANG_WARN_INT_CONVERSION = YES;
				CLANG_WARN_OBJC_ROOT_CLASS = YES_ERROR;
				CLANG_WARN_UNREACHABLE_CODE = YES;
				CLANG_WARN__DUPLICATE_METHOD_MATCH = YES;
				"CODE_SIGN_IDENTITY[sdk=iphoneos*]" = "iPhone Developer";
				COPY_PHASE_STRIP = NO;
				ENABLE_STRICT_OBJC_MSGSEND = YES;
				GCC_C_LANGUAGE_STANDARD = gnu99;
				GCC_DYNAMIC_NO_PIC = NO;
				GCC_OPTIMIZATION_LEVEL = 0;
				GCC_PREPROCESSOR_DEFINITIONS = (
					"DEBUG=1",
					"$(inherited)",
				);
				GCC_SYMBOLS_PRIVATE_EXTERN = NO;
				GCC_WARN_64_TO_32_BIT_CONVERSION = YES;
				GCC_WARN_ABOUT_RETURN_TYPE = YES_ERROR;
				GCC_WARN_UNDECLARED_SELECTOR = YES;
				GCC_WARN_UNINITIALIZED_AUTOS = YES_AGGRESSIVE;
				GCC_WARN_UNUSED_FUNCTION = YES;
				GCC_WARN_UNUSED_VARIABLE = YES;
				IPHONEOS_DEPLOYMENT_TARGET = 8.1;
				MTL_ENABLE_DEBUG_INFO = YES;
				ONLY_ACTIVE_ARCH = YES;
				SDKROOT = iphoneos;
				TARGETED_DEVICE_FAMILY = "1,2";
			};
			name = Debug;
		};
		B2C462B51AE64E91008EAF43 /* Release */ = {
			isa = XCBuildConfiguration;
			buildSettings = {
				ALWAYS_SEARCH_USER_PATHS = NO;
				CLANG_CXX_LANGUAGE_STANDARD = "gnu++0x";
				CLANG_CXX_LIBRARY = "libc++";
				CLANG_ENABLE_MODULES = YES;
				CLANG_ENABLE_OBJC_ARC = YES;
				CLANG_WARN_BOOL_CONVERSION = YES;
				CLANG_WARN_CONSTANT_CONVERSION = YES;
				CLANG_WARN_DIRECT_OBJC_ISA_USAGE = YES_ERROR;
				CLANG_WARN_EMPTY_BODY = YES;
				CLANG_WARN_ENUM_CONVERSION = YES;
				CLANG_WARN_INT_CONVERSION = YES;
				CLANG_WARN_OBJC_ROOT_CLASS = YES_ERROR;
				CLANG_WARN_UNREACHABLE_CODE = YES;
				CLANG_WARN__DUPLICATE_METHOD_MATCH = YES;
				"CODE_SIGN_IDENTITY[sdk=iphoneos*]" = "iPhone Developer";
				COPY_PHASE_STRIP = YES;
				ENABLE_NS_ASSERTIONS = NO;
				ENABLE_STRICT_OBJC_MSGSEND = YES;
				GCC_C_LANGUAGE_STANDARD = gnu99;
				GCC_WARN_64_TO_32_BIT_CONVERSION = YES;
				GCC_WARN_ABOUT_RETURN_TYPE = YES_ERROR;
				GCC_WARN_UNDECLARED_SELECTOR = YES;
				GCC_WARN_UNINITIALIZED_AUTOS = YES_AGGRESSIVE;
				GCC_WARN_UNUSED_FUNCTION = YES;
				GCC_WARN_UNUSED_VARIABLE = YES;
				IPHONEOS_DEPLOYMENT_TARGET = 8.1;
				MTL_ENABLE_DEBUG_INFO = NO;
				SDKROOT = iphoneos;
				TARGETED_DEVICE_FAMILY = "1,2";
				VALIDATE_PRODUCT = YES;
			};
			name = Release;
		};
		B2C462B71AE64E91008EAF43 /* Debug */ = {
			isa = XCBuildConfiguration;
			buildSettings = {
				ASSETCATALOG_COMPILER_APPICON_NAME = AppIcon;
				INFOPLIST_FILE = SoldierShimmering/Info.plist;
				LD_RUNPATH_SEARCH_PATHS = "$(inherited) @executable_path/Frameworks";
				PRODUCT_NAME = "$(TARGET_NAME)";
			};
			name = Debug;
		};
		B2C462B81AE64E91008EAF43 /* Release */ = {
			isa = XCBuildConfiguration;
			buildSettings = {
				ASSETCATALOG_COMPILER_APPICON_NAME = AppIcon;
				INFOPLIST_FILE = SoldierShimmering/Info.plist;
				LD_RUNPATH_SEARCH_PATHS = "$(inherited) @executable_path/Frameworks";
				PRODUCT_NAME = "$(TARGET_NAME)";
			};
			name = Release;
		};
		B2C462BA1AE64E91008EAF43 /* Debug */ = {
			isa = XCBuildConfiguration;
			buildSettings = {
				BUNDLE_LOADER = "$(TEST_HOST)";
				FRAMEWORK_SEARCH_PATHS = (
					"$(SDKROOT)/Developer/Library/Frameworks",
					"$(inherited)",
				);
				GCC_PREPROCESSOR_DEFINITIONS = (
					"DEBUG=1",
					"$(inherited)",
				);
				INFOPLIST_FILE = SoldierShimmeringTests/Info.plist;
				LD_RUNPATH_SEARCH_PATHS = "$(inherited) @executable_path/Frameworks @loader_path/Frameworks";
				PRODUCT_NAME = "$(TARGET_NAME)";
				TEST_HOST = "$(BUILT_PRODUCTS_DIR)/SoldierShimmering.app/SoldierShimmering";
			};
			name = Debug;
		};
		B2C462BB1AE64E91008EAF43 /* Release */ = {
			isa = XCBuildConfiguration;
			buildSettings = {
				BUNDLE_LOADER = "$(TEST_HOST)";
				FRAMEWORK_SEARCH_PATHS = (
					"$(SDKROOT)/Developer/Library/Frameworks",
					"$(inherited)",
				);
				INFOPLIST_FILE = SoldierShimmeringTests/Info.plist;
				LD_RUNPATH_SEARCH_PATHS = "$(inherited) @executable_path/Frameworks @loader_path/Frameworks";
				PRODUCT_NAME = "$(TARGET_NAME)";
				TEST_HOST = "$(BUILT_PRODUCTS_DIR)/SoldierShimmering.app/SoldierShimmering";
			};
			name = Release;
		};
/* End XCBuildConfiguration section */

/* Begin XCConfigurationList section */
		B2C4628E1AE64E91008EAF43 /* Build configuration list for PBXProject "SoldierShimmering" */ = {
			isa = XCConfigurationList;
			buildConfigurations = (
				B2C462B41AE64E91008EAF43 /* Debug */,
				B2C462B51AE64E91008EAF43 /* Release */,
			);
			defaultConfigurationIsVisible = 0;
			defaultConfigurationName = Release;
		};
		B2C462B61AE64E91008EAF43 /* Build configuration list for PBXNativeTarget "SoldierShimmering" */ = {
			isa = XCConfigurationList;
			buildConfigurations = (
				B2C462B71AE64E91008EAF43 /* Debug */,
				B2C462B81AE64E91008EAF43 /* Release */,
			);
			defaultConfigurationIsVisible = 0;
			defaultConfigurationName = Release;
		};
		B2C462B91AE64E91008EAF43 /* Build configuration list for PBXNativeTarget "SoldierShimmeringTests" */ = {
			isa = XCConfigurationList;
			buildConfigurations = (
				B2C462BA1AE64E91008EAF43 /* Debug */,
				B2C462BB1AE64E91008EAF43 /* Release */,
			);
			defaultConfigurationIsVisible = 0;
			defaultConfigurationName = Release;
		};
/* End XCConfigurationList section */
	};
	rootObject = B2C4628B1AE64E91008EAF43 /* Project object */;
}
